
Microsoft Visual Studio Solution File, Format Version 12.00
# Visual Studio Version 17
VisualStudioVersion = 17.14.36202.13 d17.14
MinimumVisualStudioVersion = 10.0.40219.1
Project("{FAE04EC0-301F-11D3-BF4B-00C04F79EFBC}") = "VuLeDuy_WPF", "VuLeDuy_WPF\VuLeDuy_WPF.csproj", "{115118DA-0DB8-4F9E-A203-264E82E137C2}"
EndProject
Project("{FAE04EC0-301F-11D3-BF4B-00C04F79EFBC}") = "BusinessObjects", "BusinessObjects\BusinessObjects.csproj", "{5FF4663E-C310-43CB-9BFB-ADEC5E7996A4}"
EndProject
Project("{FAE04EC0-301F-11D3-BF4B-00C04F79EFBC}") = "DataAccessLayer", "DataAccessLayer\DataAccessLayer.csproj", "{CCA68F6A-9F5C-4C32-A569-9F0AF54FB6DB}"
EndProject
Project("{FAE04EC0-301F-11D3-BF4B-00C04F79EFBC}") = "Reponsitory", "Reponsitory\Reponsitory.csproj", "{16D963B5-8801-4B8C-AFF4-CF7C0F7881C2}"
EndProject
Project("{FAE04EC0-301F-11D3-BF4B-00C04F79EFBC}") = "Service", "Service\Service.csproj", "{B06ADA6F-0ED9-4BB7-BCE5-7CDF4BA5EC4B}"
EndProject
Global
	GlobalSection(SolutionConfigurationPlatforms) = preSolution
		Debug|Any CPU = Debug|Any CPU
		Release|Any CPU = Release|Any CPU
	EndGlobalSection
	GlobalSection(ProjectConfigurationPlatforms) = postSolution
		{115118DA-0DB8-4F9E-A203-264E82E137C2}.Debug|Any CPU.ActiveCfg = Debug|Any CPU
		{115118DA-0DB8-4F9E-A203-264E82E137C2}.Debug|Any CPU.Build.0 = Debug|Any CPU
		{115118DA-0DB8-4F9E-A203-264E82E137C2}.Release|Any CPU.ActiveCfg = Release|Any CPU
		{115118DA-0DB8-4F9E-A203-264E82E137C2}.Release|Any CPU.Build.0 = Release|Any CPU
		{5FF4663E-C310-43CB-9BFB-ADEC5E7996A4}.Debug|Any CPU.ActiveCfg = Debug|Any CPU
		{5FF4663E-C310-43CB-9BFB-ADEC5E7996A4}.Debug|Any CPU.Build.0 = Debug|Any CPU
		{5FF4663E-C310-43CB-9BFB-ADEC5E7996A4}.Release|Any CPU.ActiveCfg = Release|Any CPU
		{5FF4663E-C310-43CB-9BFB-ADEC5E7996A4}.Release|Any CPU.Build.0 = Release|Any CPU
		{CCA68F6A-9F5C-4C32-A569-9F0AF54FB6DB}.Debug|Any CPU.ActiveCfg = Debug|Any CPU
		{CCA68F6A-9F5C-4C32-A569-9F0AF54FB6DB}.Debug|Any CPU.Build.0 = Debug|Any CPU
		{CCA68F6A-9F5C-4C32-A569-9F0AF54FB6DB}.Release|Any CPU.ActiveCfg = Release|Any CPU
		{CCA68F6A-9F5C-4C32-A569-9F0AF54FB6DB}.Release|Any CPU.Build.0 = Release|Any CPU
		{16D963B5-8801-4B8C-AFF4-CF7C0F7881C2}.Debug|Any CPU.ActiveCfg = Debug|Any CPU
		{16D963B5-8801-4B8C-AFF4-CF7C0F7881C2}.Debug|Any CPU.Build.0 = Debug|Any CPU
		{16D963B5-8801-4B8C-AFF4-CF7C0F7881C2}.Release|Any CPU.ActiveCfg = Release|Any CPU
		{16D963B5-8801-4B8C-AFF4-CF7C0F7881C2}.Release|Any CPU.Build.0 = Release|Any CPU
		{B06ADA6F-0ED9-4BB7-BCE5-7CDF4BA5EC4B}.Debug|Any CPU.ActiveCfg = Debug|Any CPU
		{B06ADA6F-0ED9-4BB7-BCE5-7CDF4BA5EC4B}.Debug|Any CPU.Build.0 = Debug|Any CPU
		{B06ADA6F-0ED9-4BB7-BCE5-7CDF4BA5EC4B}.Release|Any CPU.ActiveCfg = Release|Any CPU
		{B06ADA6F-0ED9-4BB7-BCE5-7CDF4BA5EC4B}.Release|Any CPU.Build.0 = Release|Any CPU
	EndGlobalSection
	GlobalSection(SolutionProperties) = preSolution
		HideSolutionNode = FALSE
	EndGlobalSection
	GlobalSection(ExtensibilityGlobals) = postSolution
		SolutionGuid = {11DC4F4B-B797-4E34-8224-117D7353FD14}
	EndGlobalSection
EndGlobal
